github.com/KalbiProject/Kalbi v0.0.1-alpha h1:ts0JuyYX7WH1/FqifU5BcIFbtYukkA4aoqzK4ixcic8=
github.com/KalbiProject/Kalbi v0.0.1-alpha/go.mod h1:dkvdF/I4bz9HjghjAPuDG7ddFndBzs6VvJY9taspOtE=
github.com/KalbiProject/Kalbi v0.0.1-alpha.6 h1:e6Tspt1e+hb315a6Zo7qi8t0J5ixopWSwVnRS+CKiT8=
github.com/KalbiProject/Kalbi v0.0.1-alpha.6/go.mod h1:dkvdF/I4bz9HjghjAPuDG7ddFndBzs6VvJY9taspOtE=
github.com/davecgh/go-spew v1.1.1 h1:vj9j/u1bqnvCEfJOwUhtlOARqs3+rkHYY13jYWTU97c=
github.com/davecgh/go-spew v1.1.1/go.mod h1:J7Y8YcW2NihsgmVo/mv3lAwl/skON4iLHjSsI+c5H38=
github.com/looplab/fsm v0.2.0 h1:M8hf5EF4AYLcT1FNKVUX8nu7D0xfp291iGeuigSxfrw=
github.com/looplab/fsm v0.2.0/go.mod h1:p+IElwgCnAByqr2DWMuNbPjgMwqcHvTRZZn3dvKEke0=
github.com/pmezard/go-difflib v1.0.0 h1:4DBwDE0NGyQoBHbLQYPwSUPoCMWR5BEzIk/f1lZbAQM=
github.com/pmezard/go-difflib v1.0.0/go.mod h1:iKH77koFhYxTK1pcRnkKkqfTogsbg7gZNVY4sRDYZ/4=
github.com/sirupsen/logrus v1.7.0 h1:ShrD1U9pZB12TX0cVy0DtePoCH97K8EtX+mg7ZARUtM=
github.com/sirupsen/logrus v1.7.0/go.mod h1:yWOB1SBYBC5VeMP7gHvWumXLIWorT60ONWic61uBYv0=
github.com/stretchr/testify v1.2.2 h1:bSDNvY7ZPG5RlJ8otE/7V6gMiyenm9RtJ7IUVIAoJ1w=
github.com/stretchr/testify v1.2.2/go.mod h1:a8OnRcib4nhh0OaRAV+Yts87kKdq0PP7pXfy6kDkUVs=
golang.org/x/sys v0.0.0-20191026070338-33540a1f6037 h1:YyJpGZS1sBuBCzLAR1VEpK193GlqGZbnPFnPV/5Rsb4=
golang.org/x/sys v0.0.0-20191026070338-33540a1f6037/go.mod h1:h1NjWce9XRLGQEsW7wpKNCjG9DtNlClVuFLEZdDNbEs=
